
Microsoft Visual Studio Solution File, Format Version 12.00
# Visual Studio 14
VisualStudioVersion = 14.0.25420.1
MinimumVisualStudioVersion = 10.0.40219.1
Project("{FAE04EC0-301F-11D3-BF4B-00C04F79EFBC}") = "Xamarin_iOS", "Xamarin_iOS\Xamarin_iOS.csproj", "{465336CB-A1A4-4B02-BAB4-4E106BFA9392}"
EndProject
Global
	GlobalSection(SolutionConfigurationPlatforms) = preSolution
		Ad-Hoc|iPhone = Ad-Hoc|iPhone
		Ad-Hoc|iPhoneSimulator = Ad-Hoc|iPhoneSimulator
		AppStore|iPhone = AppStore|iPhone
		AppStore|iPhoneSimulator = AppStore|iPhoneSimulator
		Debug|iPhone = Debug|iPhone
		Debug|iPhoneSimulator = Debug|iPhoneSimulator
		Release|iPhone = Release|iPhone
		Release|iPhoneSimulator = Release|iPhoneSimulator
	EndGlobalSection
	GlobalSection(ProjectConfigurationPlatforms) = postSolution
		{465336CB-A1A4-4B02-BAB4-4E106BFA9392}.Ad-Hoc|iPhone.ActiveCfg = Ad-Hoc|iPhone
		{465336CB-A1A4-4B02-BAB4-4E106BFA9392}.Ad-Hoc|iPhone.Build.0 = Ad-Hoc|iPhone
		{465336CB-A1A4-4B02-BAB4-4E106BFA9392}.Ad-Hoc|iPhoneSimulator.ActiveCfg = Ad-Hoc|iPhoneSimulator
		{465336CB-A1A4-4B02-BAB4-4E106BFA9392}.Ad-Hoc|iPhoneSimulator.Build.0 = Ad-Hoc|iPhoneSimulator
		{465336CB-A1A4-4B02-BAB4-4E106BFA9392}.AppStore|iPhone.ActiveCfg = AppStore|iPhone
		{465336CB-A1A4-4B02-BAB4-4E106BFA9392}.AppStore|iPhone.Build.0 = AppStore|iPhone
		{465336CB-A1A4-4B02-BAB4-4E106BFA9392}.AppStore|iPhoneSimulator.ActiveCfg = AppStore|iPhoneSimulator
		{465336CB-A1A4-4B02-BAB4-4E106BFA9392}.AppStore|iPhoneSimulator.Build.0 = AppStore|iPhoneSimulator
		{465336CB-A1A4-4B02-BAB4-4E106BFA9392}.Debug|iPhone.ActiveCfg = Debug|iPhone
		{465336CB-A1A4-4B02-BAB4-4E106BFA9392}.Debug|iPhone.Build.0 = Debug|iPhone
		{465336CB-A1A4-4B02-BAB4-4E106BFA9392}.Debug|iPhoneSimulator.ActiveCfg = Debug|iPhoneSimulator
		{465336CB-A1A4-4B02-BAB4-4E106BFA9392}.Debug|iPhoneSimulator.Build.0 = Debug|iPhoneSimulator
		{465336CB-A1A4-4B02-BAB4-4E106BFA9392}.Release|iPhone.ActiveCfg = Release|iPhone
		{465336CB-A1A4-4B02-BAB4-4E106BFA9392}.Release|iPhone.Build.0 = Release|iPhone
		{465336CB-A1A4-4B02-BAB4-4E106BFA9392}.Release|iPhoneSimulator.ActiveCfg = Release|iPhoneSimulator
		{465336CB-A1A4-4B02-BAB4-4E106BFA9392}.Release|iPhoneSimulator.Build.0 = Release|iPhoneSimulator
	EndGlobalSection
	GlobalSection(SolutionProperties) = preSolution
		HideSolutionNode = FALSE
	EndGlobalSection
EndGlobal
